
Microsoft Visual Studio Solution File, Format Version 12.00
# Visual Studio Version 17
VisualStudioVersion = 17.1.32228.430
MinimumVisualStudioVersion = 10.0.40219.1
Project("{F184B08F-C81C-45F6-A57F-5ABD9991F28F}") = "Calculatorsimple", "Calculatorsimple.vbproj", "{70BF81D6-C77E-4690-AA80-DD9A350CC74C}"
EndProject
Global
	GlobalSection(SolutionConfigurationPlatforms) = preSolution
		Debug|Any CPU = Debug|Any CPU
		Release|Any CPU = Release|Any CPU
	EndGlobalSection
	GlobalSection(ProjectConfigurationPlatforms) = postSolution
		{70BF81D6-C77E-4690-AA80-DD9A350CC74C}.Debug|Any CPU.ActiveCfg = Debug|Any CPU
		{70BF81D6-C77E-4690-AA80-DD9A350CC74C}.Debug|Any CPU.Build.0 = Debug|Any CPU
		{70BF81D6-C77E-4690-AA80-DD9A350CC74C}.Release|Any CPU.ActiveCfg = Release|Any CPU
		{70BF81D6-C77E-4690-AA80-DD9A350CC74C}.Release|Any CPU.Build.0 = Release|Any CPU
	EndGlobalSection
	GlobalSection(SolutionProperties) = preSolution
		HideSolutionNode = FALSE
	EndGlobalSection
	GlobalSection(ExtensibilityGlobals) = postSolution
		SolutionGuid = {CA5CE8DF-6021-45E0-B6C6-AE27778FC725}
	EndGlobalSection
EndGlobal
